
Microsoft Visual Studio Solution File, Format Version 11.00
# Visual Studio 2010
Project("{FAE04EC0-301F-11D3-BF4B-00C04F79EFBC}") = "MyTablet", "MyTablet\MyTablet.csproj", "{ADD93D3F-47CC-4FED-A0D7-B3476424355B}"
EndProject
Project("{FAE04EC0-301F-11D3-BF4B-00C04F79EFBC}") = "Test", "Test\Test.csproj", "{1BF41A00-B451-4CFC-A041-E84D9FB8710C}"
EndProject
Global
	GlobalSection(SolutionConfigurationPlatforms) = preSolution
		Debug|Any CPU = Debug|Any CPU
		Debug|Mixed Platforms = Debug|Mixed Platforms
		Debug|x86 = Debug|x86
		Release|Any CPU = Release|Any CPU
		Release|Mixed Platforms = Release|Mixed Platforms
		Release|x86 = Release|x86
	EndGlobalSection
	GlobalSection(ProjectConfigurationPlatforms) = postSolution
		{ADD93D3F-47CC-4FED-A0D7-B3476424355B}.Debug|Any CPU.ActiveCfg = Debug|Any CPU
		{ADD93D3F-47CC-4FED-A0D7-B3476424355B}.Debug|Any CPU.Build.0 = Debug|Any CPU
		{ADD93D3F-47CC-4FED-A0D7-B3476424355B}.Debug|Mixed Platforms.ActiveCfg = Debug|Any CPU
		{ADD93D3F-47CC-4FED-A0D7-B3476424355B}.Debug|Mixed Platforms.Build.0 = Debug|Any CPU
		{ADD93D3F-47CC-4FED-A0D7-B3476424355B}.Debug|x86.ActiveCfg = Debug|Any CPU
		{ADD93D3F-47CC-4FED-A0D7-B3476424355B}.Release|Any CPU.ActiveCfg = Release|Any CPU
		{ADD93D3F-47CC-4FED-A0D7-B3476424355B}.Release|Any CPU.Build.0 = Release|Any CPU
		{ADD93D3F-47CC-4FED-A0D7-B3476424355B}.Release|Mixed Platforms.ActiveCfg = Release|Any CPU
		{ADD93D3F-47CC-4FED-A0D7-B3476424355B}.Release|Mixed Platforms.Build.0 = Release|Any CPU
		{ADD93D3F-47CC-4FED-A0D7-B3476424355B}.Release|x86.ActiveCfg = Release|Any CPU
		{1BF41A00-B451-4CFC-A041-E84D9FB8710C}.Debug|Any CPU.ActiveCfg = Debug|x86
		{1BF41A00-B451-4CFC-A041-E84D9FB8710C}.Debug|Mixed Platforms.ActiveCfg = Debug|x86
		{1BF41A00-B451-4CFC-A041-E84D9FB8710C}.Debug|Mixed Platforms.Build.0 = Debug|x86
		{1BF41A00-B451-4CFC-A041-E84D9FB8710C}.Debug|x86.ActiveCfg = Debug|x86
		{1BF41A00-B451-4CFC-A041-E84D9FB8710C}.Debug|x86.Build.0 = Debug|x86
		{1BF41A00-B451-4CFC-A041-E84D9FB8710C}.Release|Any CPU.ActiveCfg = Release|x86
		{1BF41A00-B451-4CFC-A041-E84D9FB8710C}.Release|Mixed Platforms.ActiveCfg = Release|x86
		{1BF41A00-B451-4CFC-A041-E84D9FB8710C}.Release|Mixed Platforms.Build.0 = Release|x86
		{1BF41A00-B451-4CFC-A041-E84D9FB8710C}.Release|x86.ActiveCfg = Release|x86
		{1BF41A00-B451-4CFC-A041-E84D9FB8710C}.Release|x86.Build.0 = Release|x86
	EndGlobalSection
	GlobalSection(SolutionProperties) = preSolution
		HideSolutionNode = FALSE
	EndGlobalSection
EndGlobal
